
Microsoft Visual Studio Solution File, Format Version 12.00
# Visual Studio Version 17
VisualStudioVersion = 17.8.34511.84
MinimumVisualStudioVersion = 10.0.40219.1
Project("{9A19103F-16F7-4668-BE54-9A1E7A4F7556}") = "FireWork", "FireWork.csproj", "{288C7BAA-A2C7-4ADD-AAD2-7625D04F4DFD}"
EndProject
Global
	GlobalSection(SolutionConfigurationPlatforms) = preSolution
		Debug|Any CPU = Debug|Any CPU
		Release|Any CPU = Release|Any CPU
	EndGlobalSection
	GlobalSection(ProjectConfigurationPlatforms) = postSolution
		{288C7BAA-A2C7-4ADD-AAD2-7625D04F4DFD}.Debug|Any CPU.ActiveCfg = Debug|Any CPU
		{288C7BAA-A2C7-4ADD-AAD2-7625D04F4DFD}.Debug|Any CPU.Build.0 = Debug|Any CPU
		{288C7BAA-A2C7-4ADD-AAD2-7625D04F4DFD}.Release|Any CPU.ActiveCfg = Release|Any CPU
		{288C7BAA-A2C7-4ADD-AAD2-7625D04F4DFD}.Release|Any CPU.Build.0 = Release|Any CPU
	EndGlobalSection
	GlobalSection(SolutionProperties) = preSolution
		HideSolutionNode = FALSE
	EndGlobalSection
	GlobalSection(ExtensibilityGlobals) = postSolution
		SolutionGuid = {1138F8FF-BD3C-447A-BBD5-674FC425036C}
	EndGlobalSection
EndGlobal
